
Microsoft Visual Studio Solution File, Format Version 12.00
# Visual Studio 15
VisualStudioVersion = 15.0.28010.2003
MinimumVisualStudioVersion = 10.0.40219.1
Project("{FAE04EC0-301F-11D3-BF4B-00C04F79EFBC}") = "MyTodoApp.Android", "MyTodoApp\MyTodoApp.Android\MyTodoApp.Android.csproj", "{BC9ABCBD-070E-4CF7-B188-57CBEB7A0FB4}"
EndProject
Project("{FAE04EC0-301F-11D3-BF4B-00C04F79EFBC}") = "MyTodoApp.iOS", "MyTodoApp\MyTodoApp.iOS\MyTodoApp.iOS.csproj", "{E6777CFD-313A-41CE-AFE8-2A95FD4A85B1}"
EndProject
Project("{FAE04EC0-301F-11D3-BF4B-00C04F79EFBC}") = "MyTodoApp", "MyTodoApp\MyTodoApp\MyTodoApp.csproj", "{811C837F-77D0-4952-BB51-DABE61B3BB63}"
EndProject
Global
	GlobalSection(SolutionConfigurationPlatforms) = preSolution
		Ad-Hoc|Any CPU = Ad-Hoc|Any CPU
		Ad-Hoc|iPhone = Ad-Hoc|iPhone
		Ad-Hoc|iPhoneSimulator = Ad-Hoc|iPhoneSimulator
		AppStore|Any CPU = AppStore|Any CPU
		AppStore|iPhone = AppStore|iPhone
		AppStore|iPhoneSimulator = AppStore|iPhoneSimulator
		Debug|Any CPU = Debug|Any CPU
		Debug|iPhone = Debug|iPhone
		Debug|iPhoneSimulator = Debug|iPhoneSimulator
		Release|Any CPU = Release|Any CPU
		Release|iPhone = Release|iPhone
		Release|iPhoneSimulator = Release|iPhoneSimulator
	EndGlobalSection
	GlobalSection(ProjectConfigurationPlatforms) = postSolution
		{BC9ABCBD-070E-4CF7-B188-57CBEB7A0FB4}.Ad-Hoc|Any CPU.ActiveCfg = Release|Any CPU
		{BC9ABCBD-070E-4CF7-B188-57CBEB7A0FB4}.Ad-Hoc|Any CPU.Build.0 = Release|Any CPU
		{BC9ABCBD-070E-4CF7-B188-57CBEB7A0FB4}.Ad-Hoc|Any CPU.Deploy.0 = Release|Any CPU
		{BC9ABCBD-070E-4CF7-B188-57CBEB7A0FB4}.Ad-Hoc|iPhone.ActiveCfg = Release|Any CPU
		{BC9ABCBD-070E-4CF7-B188-57CBEB7A0FB4}.Ad-Hoc|iPhone.Build.0 = Release|Any CPU
		{BC9ABCBD-070E-4CF7-B188-57CBEB7A0FB4}.Ad-Hoc|iPhone.Deploy.0 = Release|Any CPU
		{BC9ABCBD-070E-4CF7-B188-57CBEB7A0FB4}.Ad-Hoc|iPhoneSimulator.ActiveCfg = Release|Any CPU
		{BC9ABCBD-070E-4CF7-B188-57CBEB7A0FB4}.Ad-Hoc|iPhoneSimulator.Build.0 = Release|Any CPU
		{BC9ABCBD-070E-4CF7-B188-57CBEB7A0FB4}.Ad-Hoc|iPhoneSimulator.Deploy.0 = Release|Any CPU
		{BC9ABCBD-070E-4CF7-B188-57CBEB7A0FB4}.AppStore|Any CPU.ActiveCfg = Release|Any CPU
		{BC9ABCBD-070E-4CF7-B188-57CBEB7A0FB4}.AppStore|Any CPU.Build.0 = Release|Any CPU
		{BC9ABCBD-070E-4CF7-B188-57CBEB7A0FB4}.AppStore|Any CPU.Deploy.0 = Release|Any CPU
		{BC9ABCBD-070E-4CF7-B188-57CBEB7A0FB4}.AppStore|iPhone.ActiveCfg = Release|Any CPU
		{BC9ABCBD-070E-4CF7-B188-57CBEB7A0FB4}.AppStore|iPhone.Build.0 = Release|Any CPU
		{BC9ABCBD-070E-4CF7-B188-57CBEB7A0FB4}.AppStore|iPhone.Deploy.0 = Release|Any CPU
		{BC9ABCBD-070E-4CF7-B188-57CBEB7A0FB4}.AppStore|iPhoneSimulator.ActiveCfg = Release|Any CPU
		{BC9ABCBD-070E-4CF7-B188-57CBEB7A0FB4}.AppStore|iPhoneSimulator.Build.0 = Release|Any CPU
		{BC9ABCBD-070E-4CF7-B188-57CBEB7A0FB4}.AppStore|iPhoneSimulator.Deploy.0 = Release|Any CPU
		{BC9ABCBD-070E-4CF7-B188-57CBEB7A0FB4}.Debug|Any CPU.ActiveCfg = Debug|Any CPU
		{BC9ABCBD-070E-4CF7-B188-57CBEB7A0FB4}.Debug|Any CPU.Build.0 = Debug|Any CPU
		{BC9ABCBD-070E-4CF7-B188-57CBEB7A0FB4}.Debug|Any CPU.Deploy.0 = Debug|Any CPU
		{BC9ABCBD-070E-4CF7-B188-57CBEB7A0FB4}.Debug|iPhone.ActiveCfg = Debug|Any CPU
		{BC9ABCBD-070E-4CF7-B188-57CBEB7A0FB4}.Debug|iPhone.Build.0 = Debug|Any CPU
		{BC9ABCBD-070E-4CF7-B188-57CBEB7A0FB4}.Debug|iPhone.Deploy.0 = Debug|Any CPU
		{BC9ABCBD-070E-4CF7-B188-57CBEB7A0FB4}.Debug|iPhoneSimulator.ActiveCfg = Debug|Any CPU
		{BC9ABCBD-070E-4CF7-B188-57CBEB7A0FB4}.Debug|iPhoneSimulator.Build.0 = Debug|Any CPU
		{BC9ABCBD-070E-4CF7-B188-57CBEB7A0FB4}.Debug|iPhoneSimulator.Deploy.0 = Debug|Any CPU
		{BC9ABCBD-070E-4CF7-B188-57CBEB7A0FB4}.Release|Any CPU.ActiveCfg = Release|Any CPU
		{BC9ABCBD-070E-4CF7-B188-57CBEB7A0FB4}.Release|Any CPU.Build.0 = Release|Any CPU
		{BC9ABCBD-070E-4CF7-B188-57CBEB7A0FB4}.Release|Any CPU.Deploy.0 = Release|Any CPU
		{BC9ABCBD-070E-4CF7-B188-57CBEB7A0FB4}.Release|iPhone.ActiveCfg = Release|Any CPU
		{BC9ABCBD-070E-4CF7-B188-57CBEB7A0FB4}.Release|iPhone.Build.0 = Release|Any CPU
		{BC9ABCBD-070E-4CF7-B188-57CBEB7A0FB4}.Release|iPhone.Deploy.0 = Release|Any CPU
		{BC9ABCBD-070E-4CF7-B188-57CBEB7A0FB4}.Release|iPhoneSimulator.ActiveCfg = Release|Any CPU
		{BC9ABCBD-070E-4CF7-B188-57CBEB7A0FB4}.Release|iPhoneSimulator.Build.0 = Release|Any CPU
		{BC9ABCBD-070E-4CF7-B188-57CBEB7A0FB4}.Release|iPhoneSimulator.Deploy.0 = Release|Any CPU
		{E6777CFD-313A-41CE-AFE8-2A95FD4A85B1}.Ad-Hoc|Any CPU.ActiveCfg = Ad-Hoc|iPhone
		{E6777CFD-313A-41CE-AFE8-2A95FD4A85B1}.Ad-Hoc|Any CPU.Build.0 = Ad-Hoc|iPhone
		{E6777CFD-313A-41CE-AFE8-2A95FD4A85B1}.Ad-Hoc|Any CPU.Deploy.0 = Ad-Hoc|iPhone
		{E6777CFD-313A-41CE-AFE8-2A95FD4A85B1}.Ad-Hoc|iPhone.ActiveCfg = Ad-Hoc|iPhone
		{E6777CFD-313A-41CE-AFE8-2A95FD4A85B1}.Ad-Hoc|iPhone.Build.0 = Ad-Hoc|iPhone
		{E6777CFD-313A-41CE-AFE8-2A95FD4A85B1}.Ad-Hoc|iPhone.Deploy.0 = Ad-Hoc|iPhone
		{E6777CFD-313A-41CE-AFE8-2A95FD4A85B1}.Ad-Hoc|iPhoneSimulator.ActiveCfg = Ad-Hoc|iPhoneSimulator
		{E6777CFD-313A-41CE-AFE8-2A95FD4A85B1}.Ad-Hoc|iPhoneSimulator.Build.0 = Ad-Hoc|iPhoneSimulator
		{E6777CFD-313A-41CE-AFE8-2A95FD4A85B1}.Ad-Hoc|iPhoneSimulator.Deploy.0 = Ad-Hoc|iPhoneSimulator
		{E6777CFD-313A-41CE-AFE8-2A95FD4A85B1}.AppStore|Any CPU.ActiveCfg = AppStore|iPhone
		{E6777CFD-313A-41CE-AFE8-2A95FD4A85B1}.AppStore|Any CPU.Build.0 = AppStore|iPhone
		{E6777CFD-313A-41CE-AFE8-2A95FD4A85B1}.AppStore|Any CPU.Deploy.0 = AppStore|iPhone
		{E6777CFD-313A-41CE-AFE8-2A95FD4A85B1}.AppStore|iPhone.ActiveCfg = AppStore|iPhone
		{E6777CFD-313A-41CE-AFE8-2A95FD4A85B1}.AppStore|iPhone.Build.0 = AppStore|iPhone
		{E6777CFD-313A-41CE-AFE8-2A95FD4A85B1}.AppStore|iPhone.Deploy.0 = AppStore|iPhone
		{E6777CFD-313A-41CE-AFE8-2A95FD4A85B1}.AppStore|iPhoneSimulator.ActiveCfg = AppStore|iPhoneSimulator
		{E6777CFD-313A-41CE-AFE8-2A95FD4A85B1}.AppStore|iPhoneSimulator.Build.0 = AppStore|iPhoneSimulator
		{E6777CFD-313A-41CE-AFE8-2A95FD4A85B1}.AppStore|iPhoneSimulator.Deploy.0 = AppStore|iPhoneSimulator
		{E6777CFD-313A-41CE-AFE8-2A95FD4A85B1}.Debug|Any CPU.ActiveCfg = Debug|iPhoneSimulator
		{E6777CFD-313A-41CE-AFE8-2A95FD4A85B1}.Debug|Any CPU.Build.0 = Debug|iPhoneSimulator
		{E6777CFD-313A-41CE-AFE8-2A95FD4A85B1}.Debug|Any CPU.Deploy.0 = Debug|iPhoneSimulator
		{E6777CFD-313A-41CE-AFE8-2A95FD4A85B1}.Debug|iPhone.ActiveCfg = Debug|iPhone
		{E6777CFD-313A-41CE-AFE8-2A95FD4A85B1}.Debug|iPhone.Build.0 = Debug|iPhone
		{E6777CFD-313A-41CE-AFE8-2A95FD4A85B1}.Debug|iPhone.Deploy.0 = Debug|iPhone
		{E6777CFD-313A-41CE-AFE8-2A95FD4A85B1}.Debug|iPhoneSimulator.ActiveCfg = Debug|iPhoneSimulator
		{E6777CFD-313A-41CE-AFE8-2A95FD4A85B1}.Debug|iPhoneSimulator.Build.0 = Debug|iPhoneSimulator
		{E6777CFD-313A-41CE-AFE8-2A95FD4A85B1}.Debug|iPhoneSimulator.Deploy.0 = Debug|iPhoneSimulator
		{E6777CFD-313A-41CE-AFE8-2A95FD4A85B1}.Release|Any CPU.ActiveCfg = Release|iPhone
		{E6777CFD-313A-41CE-AFE8-2A95FD4A85B1}.Release|Any CPU.Build.0 = Release|iPhone
		{E6777CFD-313A-41CE-AFE8-2A95FD4A85B1}.Release|Any CPU.Deploy.0 = Release|iPhone
		{E6777CFD-313A-41CE-AFE8-2A95FD4A85B1}.Release|iPhone.ActiveCfg = Release|iPhone
		{E6777CFD-313A-41CE-AFE8-2A95FD4A85B1}.Release|iPhone.Build.0 = Release|iPhone
		{E6777CFD-313A-41CE-AFE8-2A95FD4A85B1}.Release|iPhone.Deploy.0 = Release|iPhone
		{E6777CFD-313A-41CE-AFE8-2A95FD4A85B1}.Release|iPhoneSimulator.ActiveCfg = Release|iPhoneSimulator
		{E6777CFD-313A-41CE-AFE8-2A95FD4A85B1}.Release|iPhoneSimulator.Build.0 = Release|iPhoneSimulator
		{E6777CFD-313A-41CE-AFE8-2A95FD4A85B1}.Release|iPhoneSimulator.Deploy.0 = Release|iPhoneSimulator
		{811C837F-77D0-4952-BB51-DABE61B3BB63}.Ad-Hoc|Any CPU.ActiveCfg = Debug|Any CPU
		{811C837F-77D0-4952-BB51-DABE61B3BB63}.Ad-Hoc|Any CPU.Build.0 = Debug|Any CPU
		{811C837F-77D0-4952-BB51-DABE61B3BB63}.Ad-Hoc|Any CPU.Deploy.0 = Debug|Any CPU
		{811C837F-77D0-4952-BB51-DABE61B3BB63}.Ad-Hoc|iPhone.ActiveCfg = Debug|Any CPU
		{811C837F-77D0-4952-BB51-DABE61B3BB63}.Ad-Hoc|iPhone.Build.0 = Debug|Any CPU
		{811C837F-77D0-4952-BB51-DABE61B3BB63}.Ad-Hoc|iPhone.Deploy.0 = Debug|Any CPU
		{811C837F-77D0-4952-BB51-DABE61B3BB63}.Ad-Hoc|iPhoneSimulator.ActiveCfg = Debug|Any CPU
		{811C837F-77D0-4952-BB51-DABE61B3BB63}.Ad-Hoc|iPhoneSimulator.Build.0 = Debug|Any CPU
		{811C837F-77D0-4952-BB51-DABE61B3BB63}.Ad-Hoc|iPhoneSimulator.Deploy.0 = Debug|Any CPU
		{811C837F-77D0-4952-BB51-DABE61B3BB63}.AppStore|Any CPU.ActiveCfg = Debug|Any CPU
		{811C837F-77D0-4952-BB51-DABE61B3BB63}.AppStore|Any CPU.Build.0 = Debug|Any CPU
		{811C837F-77D0-4952-BB51-DABE61B3BB63}.AppStore|Any CPU.Deploy.0 = Debug|Any CPU
		{811C837F-77D0-4952-BB51-DABE61B3BB63}.AppStore|iPhone.ActiveCfg = Debug|Any CPU
		{811C837F-77D0-4952-BB51-DABE61B3BB63}.AppStore|iPhone.Build.0 = Debug|Any CPU
		{811C837F-77D0-4952-BB51-DABE61B3BB63}.AppStore|iPhone.Deploy.0 = Debug|Any CPU
		{811C837F-77D0-4952-BB51-DABE61B3BB63}.AppStore|iPhoneSimulator.ActiveCfg = Debug|Any CPU
		{811C837F-77D0-4952-BB51-DABE61B3BB63}.AppStore|iPhoneSimulator.Build.0 = Debug|Any CPU
		{811C837F-77D0-4952-BB51-DABE61B3BB63}.AppStore|iPhoneSimulator.Deploy.0 = Debug|Any CPU
		{811C837F-77D0-4952-BB51-DABE61B3BB63}.Debug|Any CPU.ActiveCfg = Debug|Any CPU
		{811C837F-77D0-4952-BB51-DABE61B3BB63}.Debug|Any CPU.Build.0 = Debug|Any CPU
		{811C837F-77D0-4952-BB51-DABE61B3BB63}.Debug|Any CPU.Deploy.0 = Debug|Any CPU
		{811C837F-77D0-4952-BB51-DABE61B3BB63}.Debug|iPhone.ActiveCfg = Debug|Any CPU
		{811C837F-77D0-4952-BB51-DABE61B3BB63}.Debug|iPhone.Build.0 = Debug|Any CPU
		{811C837F-77D0-4952-BB51-DABE61B3BB63}.Debug|iPhone.Deploy.0 = Debug|Any CPU
		{811C837F-77D0-4952-BB51-DABE61B3BB63}.Debug|iPhoneSimulator.ActiveCfg = Debug|Any CPU
		{811C837F-77D0-4952-BB51-DABE61B3BB63}.Debug|iPhoneSimulator.Build.0 = Debug|Any CPU
		{811C837F-77D0-4952-BB51-DABE61B3BB63}.Debug|iPhoneSimulator.Deploy.0 = Debug|Any CPU
		{811C837F-77D0-4952-BB51-DABE61B3BB63}.Release|Any CPU.ActiveCfg = Release|Any CPU
		{811C837F-77D0-4952-BB51-DABE61B3BB63}.Release|Any CPU.Build.0 = Release|Any CPU
		{811C837F-77D0-4952-BB51-DABE61B3BB63}.Release|Any CPU.Deploy.0 = Release|Any CPU
		{811C837F-77D0-4952-BB51-DABE61B3BB63}.Release|iPhone.ActiveCfg = Release|Any CPU
		{811C837F-77D0-4952-BB51-DABE61B3BB63}.Release|iPhone.Build.0 = Release|Any CPU
		{811C837F-77D0-4952-BB51-DABE61B3BB63}.Release|iPhone.Deploy.0 = Release|Any CPU
		{811C837F-77D0-4952-BB51-DABE61B3BB63}.Release|iPhoneSimulator.ActiveCfg = Release|Any CPU
		{811C837F-77D0-4952-BB51-DABE61B3BB63}.Release|iPhoneSimulator.Build.0 = Release|Any CPU
		{811C837F-77D0-4952-BB51-DABE61B3BB63}.Release|iPhoneSimulator.Deploy.0 = Release|Any CPU
	EndGlobalSection
	GlobalSection(SolutionProperties) = preSolution
		HideSolutionNode = FALSE
	EndGlobalSection
	GlobalSection(ExtensibilityGlobals) = postSolution
		SolutionGuid = {939A1882-D3D1-47A6-A894-2F039695D5BA}
	EndGlobalSection
EndGlobal
